// !$*UTF8*$!
{
	archiveVersion = 1;
	classes = {
	};
	objectVersion = 46;
	objects = {

/* Begin PBXBuildFile section */
		3D4551231CEAB48A00C47EB4 /* Smart Drop.xcdatamodeld in Sources */ = {isa = PBXBuildFile; fileRef = 3D4551211CEAB48A00C47EB4 /* Smart Drop.xcdatamodeld */; };
		3D6FDEFF1CCDDC06000D6A12 /* HeaderView.m in Sources */ = {isa = PBXBuildFile; fileRef = 3D6FDEFE1CCDDC06000D6A12 /* HeaderView.m */; };
		3D81D7ED1CCDB0B8001AB135 /* AppDelegate.m in Sources */ = {isa = PBXBuildFile; fileRef = 3D81D7EC1CCDB0B8001AB135 /* AppDelegate.m */; };
		3D81D7F01CCDB0B8001AB135 /* main.m in Sources */ = {isa = PBXBuildFile; fileRef = 3D81D7EF1CCDB0B8001AB135 /* main.m */; };
		3D81D7F51CCDB0B8001AB135 /* Assets.xcassets in Resources */ = {isa = PBXBuildFile; fileRef = 3D81D7F41CCDB0B8001AB135 /* Assets.xcassets */; };
		3D81D7F81CCDB0B8001AB135 /* MainMenu.xib in Resources */ = {isa = PBXBuildFile; fileRef = 3D81D7F61CCDB0B8001AB135 /* MainMenu.xib */; };
		3D81D8031CCDB0B8001AB135 /* QuickListTests.m in Sources */ = {isa = PBXBuildFile; fileRef = 3D81D8021CCDB0B8001AB135 /* QuickListTests.m */; };
		3D81D80E1CCDB0B8001AB135 /* QuickListUITests.m in Sources */ = {isa = PBXBuildFile; fileRef = 3D81D80D1CCDB0B8001AB135 /* QuickListUITests.m */; };
		3DCA58DE1CCEBB8D00DFE34E /* FolderObject.m in Sources */ = {isa = PBXBuildFile; fileRef = 3DCA58DC1CCEBB8D00DFE34E /* FolderObject.m */; };
		3DCA58E11CCEC60900DFE34E /* FolderObject+CoreDataProperties.m in Sources */ = {isa = PBXBuildFile; fileRef = 3DCA58E01CCEC60900DFE34E /* FolderObject+CoreDataProperties.m */; };
		3DCA58E41CCEEE3200DFE34E /* PageObject.m in Sources */ = {isa = PBXBuildFile; fileRef = 3DCA58E31CCEEE3200DFE34E /* PageObject.m */; };
		3DCA58EA1CCEF94B00DFE34E /* NSMutableArray+Management.m in Sources */ = {isa = PBXBuildFile; fileRef = 3DCA58E91CCEF94B00DFE34E /* NSMutableArray+Management.m */; };
		3DF51E511CE042A40036F635 /* ImageWindowController.m in Sources */ = {isa = PBXBuildFile; fileRef = 3DF51E4F1CE042A40036F635 /* ImageWindowController.m */; };
		3DF51E521CE042A40036F635 /* ImageWindowController.xib in Resources */ = {isa = PBXBuildFile; fileRef = 3DF51E501CE042A40036F635 /* ImageWindowController.xib */; };
		3DF51E561CE0433F0036F635 /* TextWindowController.m in Sources */ = {isa = PBXBuildFile; fileRef = 3DF51E541CE0433F0036F635 /* TextWindowController.m */; };
		3DF51E571CE0433F0036F635 /* TextWindowController.xib in Resources */ = {isa = PBXBuildFile; fileRef = 3DF51E551CE0433F0036F635 /* TextWindowController.xib */; };
		3DFA12E91CCDBB8800B8E25C /* DataMaster.m in Sources */ = {isa = PBXBuildFile; fileRef = 3DFA12E81CCDBB8800B8E25C /* DataMaster.m */; };
		3DFA12EC1CCDCE0A00B8E25C /* CustomTableCellView.m in Sources */ = {isa = PBXBuildFile; fileRef = 3DFA12EB1CCDCE0A00B8E25C /* CustomTableCellView.m */; };
/* End PBXBuildFile section */

/* Begin PBXContainerItemProxy section */
		3D81D7FF1CCDB0B8001AB135 /* PBXContainerItemProxy */ = {
			isa = PBXContainerItemProxy;
			containerPortal = 3D81D7E01CCDB0B8001AB135 /* Project object */;
			proxyType = 1;
			remoteGlobalIDString = 3D81D7E71CCDB0B8001AB135;
			remoteInfo = QuickList;
		};
		3D81D80A1CCDB0B8001AB135 /* PBXContainerItemProxy */ = {
			isa = PBXContainerItemProxy;
			containerPortal = 3D81D7E01CCDB0B8001AB135 /* Project object */;
			proxyType = 1;
			remoteGlobalIDString = 3D81D7E71CCDB0B8001AB135;
			remoteInfo = QuickList;
		};
/* End PBXContainerItemProxy section */

/* Begin PBXFileReference section */
		3D4551221CEAB48A00C47EB4 /* Smart Drop.xcdatamodel */ = {isa = PBXFileReference; lastKnownFileType = wrapper.xcdatamodel; path = "Smart Drop.xcdatamodel"; sourceTree = "<group>"; };
		3D6FDEFD1CCDDC06000D6A12 /* HeaderView.h */ = {isa = PBXFileReference; fileEncoding = 4; lastKnownFileType = sourcecode.c.h; path = HeaderView.h; sourceTree = "<group>"; };
		3D6FDEFE1CCDDC06000D6A12 /* HeaderView.m */ = {isa = PBXFileReference; fileEncoding = 4; lastKnownFileType = sourcecode.c.objc; path = HeaderView.m; sourceTree = "<group>"; };
		3D81D7E81CCDB0B8001AB135 /* Smart Drop.app */ = {isa = PBXFileReference; explicitFileType = wrapper.application; includeInIndex = 0; path = "Smart Drop.app"; sourceTree = BUILT_PRODUCTS_DIR; };
		3D81D7EB1CCDB0B8001AB135 /* AppDelegate.h */ = {isa = PBXFileReference; lastKnownFileType = sourcecode.c.h; path = AppDelegate.h; sourceTree = "<group>"; };
		3D81D7EC1CCDB0B8001AB135 /* AppDelegate.m */ = {isa = PBXFileReference; lastKnownFileType = sourcecode.c.objc; path = AppDelegate.m; sourceTree = "<group>"; };
		3D81D7EF1CCDB0B8001AB135 /* main.m */ = {isa = PBXFileReference; lastKnownFileType = sourcecode.c.objc; path = main.m; sourceTree = "<group>"; };
		3D81D7F41CCDB0B8001AB135 /* Assets.xcassets */ = {isa = PBXFileReference; lastKnownFileType = folder.assetcatalog; path = Assets.xcassets; sourceTree = "<group>"; };
		3D81D7F71CCDB0B8001AB135 /* Base */ = {isa = PBXFileReference; lastKnownFileType = file.xib; name = Base; path = Base.lproj/MainMenu.xib; sourceTree = "<group>"; };
		3D81D7F91CCDB0B8001AB135 /* Info.plist */ = {isa = PBXFileReference; lastKnownFileType = text.plist.xml; path = Info.plist; sourceTree = "<group>"; };
		3D81D7FE1CCDB0B8001AB135 /* Smart Drop.xctest */ = {isa = PBXFileReference; explicitFileType = wrapper.cfbundle; includeInIndex = 0; path = "Smart Drop.xctest"; sourceTree = BUILT_PRODUCTS_DIR; };
		3D81D8021CCDB0B8001AB135 /* QuickListTests.m */ = {isa = PBXFileReference; lastKnownFileType = sourcecode.c.objc; path = QuickListTests.m; sourceTree = "<group>"; };
		3D81D8041CCDB0B8001AB135 /* Info.plist */ = {isa = PBXFileReference; lastKnownFileType = text.plist.xml; path = Info.plist; sourceTree = "<group>"; };
		3D81D8091CCDB0B8001AB135 /* Smart Drop.xctest */ = {isa = PBXFileReference; explicitFileType = wrapper.cfbundle; includeInIndex = 0; path = "Smart Drop.xctest"; sourceTree = BUILT_PRODUCTS_DIR; };
		3D81D80D1CCDB0B8001AB135 /* QuickListUITests.m */ = {isa = PBXFileReference; lastKnownFileType = sourcecode.c.objc; path = QuickListUITests.m; sourceTree = "<group>"; };
		3D81D80F1CCDB0B8001AB135 /* Info.plist */ = {isa = PBXFileReference; lastKnownFileType = text.plist.xml; path = Info.plist; sourceTree = "<group>"; };
		3DCA58DB1CCEBB8D00DFE34E /* FolderObject.h */ = {isa = PBXFileReference; fileEncoding = 4; lastKnownFileType = sourcecode.c.h; path = FolderObject.h; sourceTree = "<group>"; };
		3DCA58DC1CCEBB8D00DFE34E /* FolderObject.m */ = {isa = PBXFileReference; fileEncoding = 4; lastKnownFileType = sourcecode.c.objc; path = FolderObject.m; sourceTree = "<group>"; };
		3DCA58DF1CCEC60900DFE34E /* FolderObject+CoreDataProperties.h */ = {isa = PBXFileReference; fileEncoding = 4; lastKnownFileType = sourcecode.c.h; path = "FolderObject+CoreDataProperties.h"; sourceTree = "<group>"; };
		3DCA58E01CCEC60900DFE34E /* FolderObject+CoreDataProperties.m */ = {isa = PBXFileReference; fileEncoding = 4; lastKnownFileType = sourcecode.c.objc; path = "FolderObject+CoreDataProperties.m"; sourceTree = "<group>"; };
		3DCA58E21CCEEE3200DFE34E /* PageObject.h */ = {isa = PBXFileReference; fileEncoding = 4; lastKnownFileType = sourcecode.c.h; path = PageObject.h; sourceTree = "<group>"; };
		3DCA58E31CCEEE3200DFE34E /* PageObject.m */ = {isa = PBXFileReference; fileEncoding = 4; lastKnownFileType = sourcecode.c.objc; path = PageObject.m; sourceTree = "<group>"; };
		3DCA58E81CCEF94B00DFE34E /* NSMutableArray+Management.h */ = {isa = PBXFileReference; fileEncoding = 4; lastKnownFileType = sourcecode.c.h; path = "NSMutableArray+Management.h"; sourceTree = "<group>"; };
		3DCA58E91CCEF94B00DFE34E /* NSMutableArray+Management.m */ = {isa = PBXFileReference; fileEncoding = 4; lastKnownFileType = sourcecode.c.objc; path = "NSMutableArray+Management.m"; sourceTree = "<group>"; };
		3DF51E4E1CE042A40036F635 /* ImageWindowController.h */ = {isa = PBXFileReference; fileEncoding = 4; lastKnownFileType = sourcecode.c.h; path = ImageWindowController.h; sourceTree = "<group>"; };
		3DF51E4F1CE042A40036F635 /* ImageWindowController.m */ = {isa = PBXFileReference; fileEncoding = 4; lastKnownFileType = sourcecode.c.objc; path = ImageWindowController.m; sourceTree = "<group>"; };
		3DF51E501CE042A40036F635 /* ImageWindowController.xib */ = {isa = PBXFileReference; fileEncoding = 4; lastKnownFileType = file.xib; path = ImageWindowController.xib; sourceTree = "<group>"; };
		3DF51E531CE0433F0036F635 /* TextWindowController.h */ = {isa = PBXFileReference; fileEncoding = 4; lastKnownFileType = sourcecode.c.h; path = TextWindowController.h; sourceTree = "<group>"; };
		3DF51E541CE0433F0036F635 /* TextWindowController.m */ = {isa = PBXFileReference; fileEncoding = 4; lastKnownFileType = sourcecode.c.objc; path = TextWindowController.m; sourceTree = "<group>"; };
		3DF51E551CE0433F0036F635 /* TextWindowController.xib */ = {isa = PBXFileReference; fileEncoding = 4; lastKnownFileType = file.xib; path = TextWindowController.xib; sourceTree = "<group>"; };
		3DFA12E71CCDBB8800B8E25C /* DataMaster.h */ = {isa = PBXFileReference; fileEncoding = 4; lastKnownFileType = sourcecode.c.h; path = DataMaster.h; sourceTree = "<group>"; };
		3DFA12E81CCDBB8800B8E25C /* DataMaster.m */ = {isa = PBXFileReference; fileEncoding = 4; lastKnownFileType = sourcecode.c.objc; path = DataMaster.m; sourceTree = "<group>"; };
		3DFA12EA1CCDCE0A00B8E25C /* CustomTableCellView.h */ = {isa = PBXFileReference; fileEncoding = 4; lastKnownFileType = sourcecode.c.h; path = CustomTableCellView.h; sourceTree = "<group>"; };
		3DFA12EB1CCDCE0A00B8E25C /* CustomTableCellView.m */ = {isa = PBXFileReference; fileEncoding = 4; lastKnownFileType = sourcecode.c.objc; path = CustomTableCellView.m; sourceTree = "<group>"; };
/* End PBXFileReference section */

/* Begin PBXFrameworksBuildPhase section */
		3D81D7E51CCDB0B8001AB135 /* Frameworks */ = {
			isa = PBXFrameworksBuildPhase;
			buildActionMask = 2147483647;
			files = (
			);
			runOnlyForDeploymentPostprocessing = 0;
		};
		3D81D7FB1CCDB0B8001AB135 /* Frameworks */ = {
			isa = PBXFrameworksBuildPhase;
			buildActionMask = 2147483647;
			files = (
			);
			runOnlyForDeploymentPostprocessing = 0;
		};
		3D81D8061CCDB0B8001AB135 /* Frameworks */ = {
			isa = PBXFrameworksBuildPhase;
			buildActionMask = 2147483647;
			files = (
			);
			runOnlyForDeploymentPostprocessing = 0;
		};
/* End PBXFrameworksBuildPhase section */

/* Begin PBXGroup section */
		3D81D7DF1CCDB0B8001AB135 = {
			isa = PBXGroup;
			children = (
				3D81D7EA1CCDB0B8001AB135 /* Smart Drop */,
				3D81D8011CCDB0B8001AB135 /* QuickListTests */,
				3D81D80C1CCDB0B8001AB135 /* QuickListUITests */,
				3D81D7E91CCDB0B8001AB135 /* Products */,
			);
			sourceTree = "<group>";
		};
		3D81D7E91CCDB0B8001AB135 /* Products */ = {
			isa = PBXGroup;
			children = (
				3D81D7E81CCDB0B8001AB135 /* Smart Drop.app */,
				3D81D7FE1CCDB0B8001AB135 /* Smart Drop.xctest */,
				3D81D8091CCDB0B8001AB135 /* Smart Drop.xctest */,
			);
			name = Products;
			sourceTree = "<group>";
		};
		3D81D7EA1CCDB0B8001AB135 /* Smart Drop */ = {
			isa = PBXGroup;
			children = (
				3D81D7EB1CCDB0B8001AB135 /* AppDelegate.h */,
				3D81D7EC1CCDB0B8001AB135 /* AppDelegate.m */,
				3DF51E581CE043460036F635 /* Windows */,
				3DCA58E81CCEF94B00DFE34E /* NSMutableArray+Management.h */,
				3DCA58E91CCEF94B00DFE34E /* NSMutableArray+Management.m */,
				3DFA12EA1CCDCE0A00B8E25C /* CustomTableCellView.h */,
				3DFA12EB1CCDCE0A00B8E25C /* CustomTableCellView.m */,
				3DCA58E21CCEEE3200DFE34E /* PageObject.h */,
				3DCA58E31CCEEE3200DFE34E /* PageObject.m */,
				3DFA12E71CCDBB8800B8E25C /* DataMaster.h */,
				3DFA12E81CCDBB8800B8E25C /* DataMaster.m */,
				3DCA58D51CCEBA9D00DFE34E /* DataObjects */,
				3D81D7F41CCDB0B8001AB135 /* Assets.xcassets */,
				3D81D7F61CCDB0B8001AB135 /* MainMenu.xib */,
				3D6FDEFD1CCDDC06000D6A12 /* HeaderView.h */,
				3D6FDEFE1CCDDC06000D6A12 /* HeaderView.m */,
				3D81D7F91CCDB0B8001AB135 /* Info.plist */,
				3D4551211CEAB48A00C47EB4 /* Smart Drop.xcdatamodeld */,
				3D81D7EE1CCDB0B8001AB135 /* Supporting Files */,
			);
			name = "Smart Drop";
			path = QuickList;
			sourceTree = "<group>";
		};
		3D81D7EE1CCDB0B8001AB135 /* Supporting Files */ = {
			isa = PBXGroup;
			children = (
				3D81D7EF1CCDB0B8001AB135 /* main.m */,
			);
			name = "Supporting Files";
			sourceTree = "<group>";
		};
		3D81D8011CCDB0B8001AB135 /* QuickListTests */ = {
			isa = PBXGroup;
			children = (
				3D81D8021CCDB0B8001AB135 /* QuickListTests.m */,
				3D81D8041CCDB0B8001AB135 /* Info.plist */,
			);
			path = QuickListTests;
			sourceTree = "<group>";
		};
		3D81D80C1CCDB0B8001AB135 /* QuickListUITests */ = {
			isa = PBXGroup;
			children = (
				3D81D80D1CCDB0B8001AB135 /* QuickListUITests.m */,
				3D81D80F1CCDB0B8001AB135 /* Info.plist */,
			);
			path = QuickListUITests;
			sourceTree = "<group>";
		};
		3DCA58D51CCEBA9D00DFE34E /* DataObjects */ = {
			isa = PBXGroup;
			children = (
				3DCA58DF1CCEC60900DFE34E /* FolderObject+CoreDataProperties.h */,
				3DCA58E01CCEC60900DFE34E /* FolderObject+CoreDataProperties.m */,
				3DCA58DB1CCEBB8D00DFE34E /* FolderObject.h */,
				3DCA58DC1CCEBB8D00DFE34E /* FolderObject.m */,
			);
			name = DataObjects;
			sourceTree = "<group>";
		};
		3DF51E581CE043460036F635 /* Windows */ = {
			isa = PBXGroup;
			children = (
				3DF51E4E1CE042A40036F635 /* ImageWindowController.h */,
				3DF51E4F1CE042A40036F635 /* ImageWindowController.m */,
				3DF51E501CE042A40036F635 /* ImageWindowController.xib */,
				3DF51E531CE0433F0036F635 /* TextWindowController.h */,
				3DF51E541CE0433F0036F635 /* TextWindowController.m */,
				3DF51E551CE0433F0036F635 /* TextWindowController.xib */,
			);
			name = Windows;
			sourceTree = "<group>";
		};
/* End PBXGroup section */

/* Begin PBXNativeTarget section */
		3D81D7E71CCDB0B8001AB135 /* Smart Drop */ = {
			isa = PBXNativeTarget;
			buildConfigurationList = 3D81D8121CCDB0B8001AB135 /* Build configuration list for PBXNativeTarget "Smart Drop" */;
			buildPhases = (
				3D81D7E41CCDB0B8001AB135 /* Sources */,
				3D81D7E51CCDB0B8001AB135 /* Frameworks */,
				3D81D7E61CCDB0B8001AB135 /* Resources */,
			);
			buildRules = (
			);
			dependencies = (
			);
			name = "Smart Drop";
			productName = QuickList;
			productReference = 3D81D7E81CCDB0B8001AB135 /* Smart Drop.app */;
			productType = "com.apple.product-type.application";
		};
		3D81D7FD1CCDB0B8001AB135 /* Smart DropTests */ = {
			isa = PBXNativeTarget;
			buildConfigurationList = 3D81D8151CCDB0B8001AB135 /* Build configuration list for PBXNativeTarget "Smart DropTests" */;
			buildPhases = (
				3D81D7FA1CCDB0B8001AB135 /* Sources */,
				3D81D7FB1CCDB0B8001AB135 /* Frameworks */,
				3D81D7FC1CCDB0B8001AB135 /* Resources */,
			);
			buildRules = (
			);
			dependencies = (
				3D81D8001CCDB0B8001AB135 /* PBXTargetDependency */,
			);
			name = "Smart DropTests";
			productName = QuickListTests;
			productReference = 3D81D7FE1CCDB0B8001AB135 /* Smart Drop.xctest */;
			productType = "com.apple.product-type.bundle.unit-test";
		};
		3D81D8081CCDB0B8001AB135 /* Smart DropUITests */ = {
			isa = PBXNativeTarget;
			buildConfigurationList = 3D81D8181CCDB0B8001AB135 /* Build configuration list for PBXNativeTarget "Smart DropUITests" */;
			buildPhases = (
				3D81D8051CCDB0B8001AB135 /* Sources */,
				3D81D8061CCDB0B8001AB135 /* Frameworks */,
				3D81D8071CCDB0B8001AB135 /* Resources */,
			);
			buildRules = (
			);
			dependencies = (
				3D81D80B1CCDB0B8001AB135 /* PBXTargetDependency */,
			);
			name = "Smart DropUITests";
			productName = QuickListUITests;
			productReference = 3D81D8091CCDB0B8001AB135 /* Smart Drop.xctest */;
			productType = "com.apple.product-type.bundle.ui-testing";
		};
/* End PBXNativeTarget section */

/* Begin PBXProject section */
		3D81D7E01CCDB0B8001AB135 /* Project object */ = {
			isa = PBXProject;
			attributes = {
				LastUpgradeCheck = 0730;
				ORGANIZATIONNAME = SilentLupin;
				TargetAttributes = {
					3D81D7E71CCDB0B8001AB135 = {
						CreatedOnToolsVersion = 7.3;
						DevelopmentTeam = GFC49YT5RF;
					};
					3D81D7FD1CCDB0B8001AB135 = {
						CreatedOnToolsVersion = 7.3;
						TestTargetID = 3D81D7E71CCDB0B8001AB135;
					};
					3D81D8081CCDB0B8001AB135 = {
						CreatedOnToolsVersion = 7.3;
						TestTargetID = 3D81D7E71CCDB0B8001AB135;
					};
				};
			};
			buildConfigurationList = 3D81D7E31CCDB0B8001AB135 /* Build configuration list for PBXProject "Smart Drop" */;
			compatibilityVersion = "Xcode 3.2";
			developmentRegion = English;
			hasScannedForEncodings = 0;
			knownRegions = (
				en,
				Base,
			);
			mainGroup = 3D81D7DF1CCDB0B8001AB135;
			productRefGroup = 3D81D7E91CCDB0B8001AB135 /* Products */;
			projectDirPath = "";
			projectRoot = "";
			targets = (
				3D81D7E71CCDB0B8001AB135 /* Smart Drop */,
				3D81D7FD1CCDB0B8001AB135 /* Smart DropTests */,
				3D81D8081CCDB0B8001AB135 /* Smart DropUITests */,
			);
		};
/* End PBXProject section */

/* Begin PBXResourcesBuildPhase section */
		3D81D7E61CCDB0B8001AB135 /* Resources */ = {
			isa = PBXResourcesBuildPhase;
			buildActionMask = 2147483647;
			files = (
				3D81D7F51CCDB0B8001AB135 /* Assets.xcassets in Resources */,
				3DF51E521CE042A40036F635 /* ImageWindowController.xib in Resources */,
				3DF51E571CE0433F0036F635 /* TextWindowController.xib in Resources */,
				3D81D7F81CCDB0B8001AB135 /* MainMenu.xib in Resources */,
			);
			runOnlyForDeploymentPostprocessing = 0;
		};
		3D81D7FC1CCDB0B8001AB135 /* Resources */ = {
			isa = PBXResourcesBuildPhase;
			buildActionMask = 2147483647;
			files = (
			);
			runOnlyForDeploymentPostprocessing = 0;
		};
		3D81D8071CCDB0B8001AB135 /* Resources */ = {
			isa = PBXResourcesBuildPhase;
			buildActionMask = 2147483647;
			files = (
			);
			runOnlyForDeploymentPostprocessing = 0;
		};
/* End PBXResourcesBuildPhase section */

/* Begin PBXSourcesBuildPhase section */
		3D81D7E41CCDB0B8001AB135 /* Sources */ = {
			isa = PBXSourcesBuildPhase;
			buildActionMask = 2147483647;
			files = (
				3DCA58EA1CCEF94B00DFE34E /* NSMutableArray+Management.m in Sources */,
				3D81D7F01CCDB0B8001AB135 /* main.m in Sources */,
				3DCA58E41CCEEE3200DFE34E /* PageObject.m in Sources */,
				3DCA58E11CCEC60900DFE34E /* FolderObject+CoreDataProperties.m in Sources */,
				3D6FDEFF1CCDDC06000D6A12 /* HeaderView.m in Sources */,
				3D4551231CEAB48A00C47EB4 /* Smart Drop.xcdatamodeld in Sources */,
				3DF51E511CE042A40036F635 /* ImageWindowController.m in Sources */,
				3D81D7ED1CCDB0B8001AB135 /* AppDelegate.m in Sources */,
				3DF51E561CE0433F0036F635 /* TextWindowController.m in Sources */,
				3DCA58DE1CCEBB8D00DFE34E /* FolderObject.m in Sources */,
				3DFA12E91CCDBB8800B8E25C /* DataMaster.m in Sources */,
				3DFA12EC1CCDCE0A00B8E25C /* CustomTableCellView.m in Sources */,
			);
			runOnlyForDeploymentPostprocessing = 0;
		};
		3D81D7FA1CCDB0B8001AB135 /* Sources */ = {
			isa = PBXSourcesBuildPhase;
			buildActionMask = 2147483647;
			files = (
				3D81D8031CCDB0B8001AB135 /* QuickListTests.m in Sources */,
			);
			runOnlyForDeploymentPostprocessing = 0;
		};
		3D81D8051CCDB0B8001AB135 /* Sources */ = {
			isa = PBXSourcesBuildPhase;
			buildActionMask = 2147483647;
			files = (
				3D81D80E1CCDB0B8001AB135 /* QuickListUITests.m in Sources */,
			);
			runOnlyForDeploymentPostprocessing = 0;
		};
/* End PBXSourcesBuildPhase section */

/* Begin PBXTargetDependency section */
		3D81D8001CCDB0B8001AB135 /* PBXTargetDependency */ = {
			isa = PBXTargetDependency;
			target = 3D81D7E71CCDB0B8001AB135 /* Smart Drop */;
			targetProxy = 3D81D7FF1CCDB0B8001AB135 /* PBXContainerItemProxy */;
		};
		3D81D80B1CCDB0B8001AB135 /* PBXTargetDependency */ = {
			isa = PBXTargetDependency;
			target = 3D81D7E71CCDB0B8001AB135 /* Smart Drop */;
			targetProxy = 3D81D80A1CCDB0B8001AB135 /* PBXContainerItemProxy */;
		};
/* End PBXTargetDependency section */

/* Begin PBXVariantGroup section */
		3D81D7F61CCDB0B8001AB135 /* MainMenu.xib */ = {
			isa = PBXVariantGroup;
			children = (
				3D81D7F71CCDB0B8001AB135 /* Base */,
			);
			name = MainMenu.xib;
			sourceTree = "<group>";
		};
/* End PBXVariantGroup section */

/* Begin XCBuildConfiguration section */
		3D81D8101CCDB0B8001AB135 /* Debug */ = {
			isa = XCBuildConfiguration;
			buildSettings = {
				ALWAYS_SEARCH_USER_PATHS = NO;
				CLANG_ANALYZER_NONNULL = YES;
				CLANG_CXX_LANGUAGE_STANDARD = "gnu++0x";
				CLANG_CXX_LIBRARY = "libc++";
				CLANG_ENABLE_MODULES = YES;
				CLANG_ENABLE_OBJC_ARC = YES;
				CLANG_WARN_BOOL_CONVERSION = YES;
				CLANG_WARN_CONSTANT_CONVERSION = YES;
				CLANG_WARN_DIRECT_OBJC_ISA_USAGE = YES_ERROR;
				CLANG_WARN_EMPTY_BODY = YES;
				CLANG_WARN_ENUM_CONVERSION = YES;
				CLANG_WARN_INT_CONVERSION = YES;
				CLANG_WARN_OBJC_ROOT_CLASS = YES_ERROR;
				CLANG_WARN_UNREACHABLE_CODE = YES;
				CLANG_WARN__DUPLICATE_METHOD_MATCH = YES;
				CODE_SIGN_IDENTITY = "-";
				COPY_PHASE_STRIP = NO;
				DEBUG_INFORMATION_FORMAT = dwarf;
				ENABLE_STRICT_OBJC_MSGSEND = YES;
				ENABLE_TESTABILITY = YES;
				GCC_C_LANGUAGE_STANDARD = gnu99;
				GCC_DYNAMIC_NO_PIC = NO;
				GCC_NO_COMMON_BLOCKS = YES;
				GCC_OPTIMIZATION_LEVEL = 0;
				GCC_PREPROCESSOR_DEFINITIONS = (
					"DEBUG=1",
					"$(inherited)",
				);
				GCC_WARN_64_TO_32_BIT_CONVERSION = YES;
				GCC_WARN_ABOUT_RETURN_TYPE = YES_ERROR;
				GCC_WARN_UNDECLARED_SELECTOR = YES;
				GCC_WARN_UNINITIALIZED_AUTOS = YES_AGGRESSIVE;
				GCC_WARN_UNUSED_FUNCTION = YES;
				GCC_WARN_UNUSED_VARIABLE = YES;
				MACOSX_DEPLOYMENT_TARGET = 10.8;
				MTL_ENABLE_DEBUG_INFO = YES;
				ONLY_ACTIVE_ARCH = YES;
				SDKROOT = macosx;
			};
			name = Debug;
		};
		3D81D8111CCDB0B8001AB135 /* Release */ = {
			isa = XCBuildConfiguration;
			buildSettings = {
				ALWAYS_SEARCH_USER_PATHS = NO;
				CLANG_ANALYZER_NONNULL = YES;
				CLANG_CXX_LANGUAGE_STANDARD = "gnu++0x";
				CLANG_CXX_LIBRARY = "libc++";
				CLANG_ENABLE_MODULES = YES;
				CLANG_ENABLE_OBJC_ARC = YES;
				CLANG_WARN_BOOL_CONVERSION = YES;
				CLANG_WARN_CONSTANT_CONVERSION = YES;
				CLANG_WARN_DIRECT_OBJC_ISA_USAGE = YES_ERROR;
				CLANG_WARN_EMPTY_BODY = YES;
				CLANG_WARN_ENUM_CONVERSION = YES;
				CLANG_WARN_INT_CONVERSION = YES;
				CLANG_WARN_OBJC_ROOT_CLASS = YES_ERROR;
				CLANG_WARN_UNREACHABLE_CODE = YES;
				CLANG_WARN__DUPLICATE_METHOD_MATCH = YES;
				CODE_SIGN_IDENTITY = "-";
				COPY_PHASE_STRIP = NO;
				DEBUG_INFORMATION_FORMAT = "dwarf-with-dsym";
				ENABLE_NS_ASSERTIONS = NO;
				ENABLE_STRICT_OBJC_MSGSEND = YES;
				GCC_C_LANGUAGE_STANDARD = gnu99;
				GCC_NO_COMMON_BLOCKS = YES;
				GCC_WARN_64_TO_32_BIT_CONVERSION = YES;
				GCC_WARN_ABOUT_RETURN_TYPE = YES_ERROR;
				GCC_WARN_UNDECLARED_SELECTOR = YES;
				GCC_WARN_UNINITIALIZED_AUTOS = YES_AGGRESSIVE;
				GCC_WARN_UNUSED_FUNCTION = YES;
				GCC_WARN_UNUSED_VARIABLE = YES;
				MACOSX_DEPLOYMENT_TARGET = 10.8;
				MTL_ENABLE_DEBUG_INFO = NO;
				SDKROOT = macosx;
			};
			name = Release;
		};
		3D81D8131CCDB0B8001AB135 /* Debug */ = {
			isa = XCBuildConfiguration;
			buildSettings = {
				ASSETCATALOG_COMPILER_APPICON_NAME = AppIcon;
				CODE_SIGN_IDENTITY = "Developer ID Application";
				COMBINE_HIDPI_IMAGES = YES;
				INFOPLIST_FILE = QuickList/Info.plist;
				LD_RUNPATH_SEARCH_PATHS = "$(inherited) @executable_path/../Frameworks";
				MACOSX_DEPLOYMENT_TARGET = 10.8;
				PRODUCT_BUNDLE_IDENTIFIER = com.mullan.QuickList;
				PRODUCT_NAME = "Smart Drop";
			};
			name = Debug;
		};
		3D81D8141CCDB0B8001AB135 /* Release */ = {
			isa = XCBuildConfiguration;
			buildSettings = {
				ASSETCATALOG_COMPILER_APPICON_NAME = AppIcon;
				CODE_SIGN_IDENTITY = "Developer ID Application";
				COMBINE_HIDPI_IMAGES = YES;
				INFOPLIST_FILE = QuickList/Info.plist;
				LD_RUNPATH_SEARCH_PATHS = "$(inherited) @executable_path/../Frameworks";
				MACOSX_DEPLOYMENT_TARGET = 10.8;
				PRODUCT_BUNDLE_IDENTIFIER = com.mullan.QuickList;
				PRODUCT_NAME = "Smart Drop";
			};
			name = Release;
		};
		3D81D8161CCDB0B8001AB135 /* Debug */ = {
			isa = XCBuildConfiguration;
			buildSettings = {
				BUNDLE_LOADER = "$(TEST_HOST)";
				COMBINE_HIDPI_IMAGES = YES;
				INFOPLIST_FILE = QuickListTests/Info.plist;
				LD_RUNPATH_SEARCH_PATHS = "$(inherited) @executable_path/../Frameworks @loader_path/../Frameworks";
				PRODUCT_BUNDLE_IDENTIFIER = com.mullan.QuickListTests;
				PRODUCT_NAME = "Smart Drop";
				TEST_HOST = "$(BUILT_PRODUCTS_DIR)/Smart Drop.app/Contents/MacOS/Smart Drop";
			};
			name = Debug;
		};
		3D81D8171CCDB0B8001AB135 /* Release */ = {
			isa = XCBuildConfiguration;
			buildSettings = {
				BUNDLE_LOADER = "$(TEST_HOST)";
				COMBINE_HIDPI_IMAGES = YES;
				INFOPLIST_FILE = QuickListTests/Info.plist;
				LD_RUNPATH_SEARCH_PATHS = "$(inherited) @executable_path/../Frameworks @loader_path/../Frameworks";
				PRODUCT_BUNDLE_IDENTIFIER = com.mullan.QuickListTests;
				PRODUCT_NAME = "Smart Drop";
				TEST_HOST = "$(BUILT_PRODUCTS_DIR)/Smart Drop.app/Contents/MacOS/Smart Drop";
			};
			name = Release;
		};
		3D81D8191CCDB0B8001AB135 /* Debug */ = {
			isa = XCBuildConfiguration;
			buildSettings = {
				COMBINE_HIDPI_IMAGES = YES;
				INFOPLIST_FILE = QuickListUITests/Info.plist;
				LD_RUNPATH_SEARCH_PATHS = "$(inherited) @executable_path/../Frameworks @loader_path/../Frameworks";
				PRODUCT_BUNDLE_IDENTIFIER = com.mullan.QuickListUITests;
				PRODUCT_NAME = "Smart Drop";
				TEST_TARGET_NAME = QuickList;
			};
			name = Debug;
		};
		3D81D81A1CCDB0B8001AB135 /* Release */ = {
			isa = XCBuildConfiguration;
			buildSettings = {
				COMBINE_HIDPI_IMAGES = YES;
				INFOPLIST_FILE = QuickListUITests/Info.plist;
				LD_RUNPATH_SEARCH_PATHS = "$(inherited) @executable_path/../Frameworks @loader_path/../Frameworks";
				PRODUCT_BUNDLE_IDENTIFIER = com.mullan.QuickListUITests;
				PRODUCT_NAME = "Smart Drop";
				TEST_TARGET_NAME = QuickList;
			};
			name = Release;
		};
/* End XCBuildConfiguration section */

/* Begin XCConfigurationList section */
		3D81D7E31CCDB0B8001AB135 /* Build configuration list for PBXProject "Smart Drop" */ = {
			isa = XCConfigurationList;
			buildConfigurations = (
				3D81D8101CCDB0B8001AB135 /* Debug */,
				3D81D8111CCDB0B8001AB135 /* Release */,
			);
			defaultConfigurationIsVisible = 0;
			defaultConfigurationName = Release;
		};
		3D81D8121CCDB0B8001AB135 /* Build configuration list for PBXNativeTarget "Smart Drop" */ = {
			isa = XCConfigurationList;
			buildConfigurations = (
				3D81D8131CCDB0B8001AB135 /* Debug */,
				3D81D8141CCDB0B8001AB135 /* Release */,
			);
			defaultConfigurationIsVisible = 0;
			defaultConfigurationName = Release;
		};
		3D81D8151CCDB0B8001AB135 /* Build configuration list for PBXNativeTarget "Smart DropTests" */ = {
			isa = XCConfigurationList;
			buildConfigurations = (
				3D81D8161CCDB0B8001AB135 /* Debug */,
				3D81D8171CCDB0B8001AB135 /* Release */,
			);
			defaultConfigurationIsVisible = 0;
			defaultConfigurationName = Release;
		};
		3D81D8181CCDB0B8001AB135 /* Build configuration list for PBXNativeTarget "Smart DropUITests" */ = {
			isa = XCConfigurationList;
			buildConfigurations = (
				3D81D8191CCDB0B8001AB135 /* Debug */,
				3D81D81A1CCDB0B8001AB135 /* Release */,
			);
			defaultConfigurationIsVisible = 0;
			defaultConfigurationName = Release;
		};
/* End XCConfigurationList section */

/* Begin XCVersionGroup section */
		3D4551211CEAB48A00C47EB4 /* Smart Drop.xcdatamodeld */ = {
			isa = XCVersionGroup;
			children = (
				3D4551221CEAB48A00C47EB4 /* Smart Drop.xcdatamodel */,
			);
			currentVersion = 3D4551221CEAB48A00C47EB4 /* Smart Drop.xcdatamodel */;
			path = "Smart Drop.xcdatamodeld";
			sourceTree = "<group>";
			versionGroupType = wrapper.xcdatamodel;
		};
/* End XCVersionGroup section */
	};
	rootObject = 3D81D7E01CCDB0B8001AB135 /* Project object */;
}
